// !$*UTF8*$!
{
	archiveVersion = 1;
	classes = {
	};
	objectVersion = 56;
	objects = {

/* Begin PBXBuildFile section */
		3B2482102A9D033400139DAD /* sni.cloudflaressl.com.cer in Resources */ = {isa = PBXBuildFile; fileRef = 3B24820F2A9D033400139DAD /* sni.cloudflaressl.com.cer */; };
		3B2482122A9D0D5400139DAD /* Constant.swift in Sources */ = {isa = PBXBuildFile; fileRef = 3B2482112A9D0D5400139DAD /* Constant.swift */; };
		3BEDB2AB2A9CE725007BCDEB /* AppDelegate.swift in Sources */ = {isa = PBXBuildFile; fileRef = 3BEDB2AA2A9CE725007BCDEB /* AppDelegate.swift */; };
		3BEDB2AD2A9CE725007BCDEB /* SceneDelegate.swift in Sources */ = {isa = PBXBuildFile; fileRef = 3BEDB2AC2A9CE725007BCDEB /* SceneDelegate.swift */; };
		3BEDB2AF2A9CE725007BCDEB /* ViewController.swift in Sources */ = {isa = PBXBuildFile; fileRef = 3BEDB2AE2A9CE725007BCDEB /* ViewController.swift */; };
		3BEDB2B22A9CE725007BCDEB /* Main.storyboard in Resources */ = {isa = PBXBuildFile; fileRef = 3BEDB2B02A9CE725007BCDEB /* Main.storyboard */; };
		3BEDB2B42A9CE729007BCDEB /* Assets.xcassets in Resources */ = {isa = PBXBuildFile; fileRef = 3BEDB2B32A9CE729007BCDEB /* Assets.xcassets */; };
		3BEDB2B72A9CE729007BCDEB /* LaunchScreen.storyboard in Resources */ = {isa = PBXBuildFile; fileRef = 3BEDB2B52A9CE729007BCDEB /* LaunchScreen.storyboard */; };
		3BEDB2C02A9CE753007BCDEB /* ListViewController.swift in Sources */ = {isa = PBXBuildFile; fileRef = 3BEDB2BF2A9CE753007BCDEB /* ListViewController.swift */; };
		3BEDB2C42A9CE7EA007BCDEB /* ListViewAdapter.swift in Sources */ = {isa = PBXBuildFile; fileRef = 3BEDB2C32A9CE7EA007BCDEB /* ListViewAdapter.swift */; };
		3BEDB2C82A9CE8C3007BCDEB /* ListViewModel.swift in Sources */ = {isa = PBXBuildFile; fileRef = 3BEDB2C72A9CE8C3007BCDEB /* ListViewModel.swift */; };
		3BEDB2CB2A9CE907007BCDEB /* ListResponseModel.swift in Sources */ = {isa = PBXBuildFile; fileRef = 3BEDB2CA2A9CE907007BCDEB /* ListResponseModel.swift */; };
		3BEDB2CF2A9CEA29007BCDEB /* ListDetailsTableViewCell.swift in Sources */ = {isa = PBXBuildFile; fileRef = 3BEDB2CD2A9CEA29007BCDEB /* ListDetailsTableViewCell.swift */; };
		3BEDB2D02A9CEA29007BCDEB /* ListDetailsTableViewCell.xib in Resources */ = {isa = PBXBuildFile; fileRef = 3BEDB2CE2A9CEA29007BCDEB /* ListDetailsTableViewCell.xib */; };
		3BEDB2D32A9CEB61007BCDEB /* NetworkManager.swift in Sources */ = {isa = PBXBuildFile; fileRef = 3BEDB2D22A9CEB61007BCDEB /* NetworkManager.swift */; };
/* End PBXBuildFile section */

/* Begin PBXFileReference section */
		3B24820F2A9D033400139DAD /* sni.cloudflaressl.com.cer */ = {isa = PBXFileReference; lastKnownFileType = file; path = sni.cloudflaressl.com.cer; sourceTree = "<group>"; };
		3B2482112A9D0D5400139DAD /* Constant.swift */ = {isa = PBXFileReference; lastKnownFileType = sourcecode.swift; path = Constant.swift; sourceTree = "<group>"; };
		3BEDB2A72A9CE725007BCDEB /* MITM Project.app */ = {isa = PBXFileReference; explicitFileType = wrapper.application; includeInIndex = 0; path = "MITM Project.app"; sourceTree = BUILT_PRODUCTS_DIR; };
		3BEDB2AA2A9CE725007BCDEB /* AppDelegate.swift */ = {isa = PBXFileReference; lastKnownFileType = sourcecode.swift; path = AppDelegate.swift; sourceTree = "<group>"; };
		3BEDB2AC2A9CE725007BCDEB /* SceneDelegate.swift */ = {isa = PBXFileReference; lastKnownFileType = sourcecode.swift; path = SceneDelegate.swift; sourceTree = "<group>"; };
		3BEDB2AE2A9CE725007BCDEB /* ViewController.swift */ = {isa = PBXFileReference; lastKnownFileType = sourcecode.swift; path = ViewController.swift; sourceTree = "<group>"; };
		3BEDB2B12A9CE725007BCDEB /* Base */ = {isa = PBXFileReference; lastKnownFileType = file.storyboard; name = Base; path = Base.lproj/Main.storyboard; sourceTree = "<group>"; };
		3BEDB2B32A9CE729007BCDEB /* Assets.xcassets */ = {isa = PBXFileReference; lastKnownFileType = folder.assetcatalog; path = Assets.xcassets; sourceTree = "<group>"; };
		3BEDB2B62A9CE729007BCDEB /* Base */ = {isa = PBXFileReference; lastKnownFileType = file.storyboard; name = Base; path = Base.lproj/LaunchScreen.storyboard; sourceTree = "<group>"; };
		3BEDB2B82A9CE729007BCDEB /* Info.plist */ = {isa = PBXFileReference; lastKnownFileType = text.plist.xml; path = Info.plist; sourceTree = "<group>"; };
		3BEDB2BF2A9CE753007BCDEB /* ListViewController.swift */ = {isa = PBXFileReference; lastKnownFileType = sourcecode.swift; path = ListViewController.swift; sourceTree = "<group>"; };
		3BEDB2C32A9CE7EA007BCDEB /* ListViewAdapter.swift */ = {isa = PBXFileReference; lastKnownFileType = sourcecode.swift; path = ListViewAdapter.swift; sourceTree = "<group>"; };
		3BEDB2C72A9CE8C3007BCDEB /* ListViewModel.swift */ = {isa = PBXFileReference; lastKnownFileType = sourcecode.swift; path = ListViewModel.swift; sourceTree = "<group>"; };
		3BEDB2CA2A9CE907007BCDEB /* ListResponseModel.swift */ = {isa = PBXFileReference; lastKnownFileType = sourcecode.swift; path = ListResponseModel.swift; sourceTree = "<group>"; };
		3BEDB2CD2A9CEA29007BCDEB /* ListDetailsTableViewCell.swift */ = {isa = PBXFileReference; lastKnownFileType = sourcecode.swift; path = ListDetailsTableViewCell.swift; sourceTree = "<group>"; };
		3BEDB2CE2A9CEA29007BCDEB /* ListDetailsTableViewCell.xib */ = {isa = PBXFileReference; lastKnownFileType = file.xib; path = ListDetailsTableViewCell.xib; sourceTree = "<group>"; };
		3BEDB2D22A9CEB61007BCDEB /* NetworkManager.swift */ = {isa = PBXFileReference; lastKnownFileType = sourcecode.swift; path = NetworkManager.swift; sourceTree = "<group>"; };
/* End PBXFileReference section */

/* Begin PBXFrameworksBuildPhase section */
		3BEDB2A42A9CE725007BCDEB /* Frameworks */ = {
			isa = PBXFrameworksBuildPhase;
			buildActionMask = 2147483647;
			files = (
			);
			runOnlyForDeploymentPostprocessing = 0;
		};
/* End PBXFrameworksBuildPhase section */

/* Begin PBXGroup section */
		3B24820E2A9D033400139DAD /* Certificate */ = {
			isa = PBXGroup;
			children = (
				3B24820F2A9D033400139DAD /* sni.cloudflaressl.com.cer */,
				3B2482112A9D0D5400139DAD /* Constant.swift */,
			);
			path = Certificate;
			sourceTree = "<group>";
		};
		3BEDB29E2A9CE725007BCDEB = {
			isa = PBXGroup;
			children = (
				3BEDB2A92A9CE725007BCDEB /* MITM Project */,
				3BEDB2A82A9CE725007BCDEB /* Products */,
			);
			sourceTree = "<group>";
		};
		3BEDB2A82A9CE725007BCDEB /* Products */ = {
			isa = PBXGroup;
			children = (
				3BEDB2A72A9CE725007BCDEB /* MITM Project.app */,
			);
			name = Products;
			sourceTree = "<group>";
		};
		3BEDB2A92A9CE725007BCDEB /* MITM Project */ = {
			isa = PBXGroup;
			children = (
				3B24820E2A9D033400139DAD /* Certificate */,
				3BEDB2BE2A9CE739007BCDEB /* View */,
				3BEDB2AA2A9CE725007BCDEB /* AppDelegate.swift */,
				3BEDB2AC2A9CE725007BCDEB /* SceneDelegate.swift */,
				3BEDB2AE2A9CE725007BCDEB /* ViewController.swift */,
				3BEDB2B02A9CE725007BCDEB /* Main.storyboard */,
				3BEDB2B32A9CE729007BCDEB /* Assets.xcassets */,
				3BEDB2B52A9CE729007BCDEB /* LaunchScreen.storyboard */,
				3BEDB2B82A9CE729007BCDEB /* Info.plist */,
			);
			path = "MITM Project";
			sourceTree = "<group>";
		};
		3BEDB2BE2A9CE739007BCDEB /* View */ = {
			isa = PBXGroup;
			children = (
				3BEDB2D12A9CEB33007BCDEB /* DataController */,
				3BEDB2CC2A9CEA0C007BCDEB /* Cells */,
				3BEDB2C92A9CE8FA007BCDEB /* Model */,
				3BEDB2C62A9CE8B5007BCDEB /* ViewModel */,
				3BEDB2C22A9CE7D9007BCDEB /* Adapter */,
				3BEDB2C12A9CE7C9007BCDEB /* ListView */,
			);
			path = View;
			sourceTree = "<group>";
		};
		3BEDB2C12A9CE7C9007BCDEB /* ListView */ = {
			isa = PBXGroup;
			children = (
				3BEDB2BF2A9CE753007BCDEB /* ListViewController.swift */,
			);
			path = ListView;
			sourceTree = "<group>";
		};
		3BEDB2C22A9CE7D9007BCDEB /* Adapter */ = {
			isa = PBXGroup;
			children = (
				3BEDB2C32A9CE7EA007BCDEB /* ListViewAdapter.swift */,
			);
			path = Adapter;
			sourceTree = "<group>";
		};
		3BEDB2C62A9CE8B5007BCDEB /* ViewModel */ = {
			isa = PBXGroup;
			children = (
				3BEDB2C72A9CE8C3007BCDEB /* ListViewModel.swift */,
			);
			path = ViewModel;
			sourceTree = "<group>";
		};
		3BEDB2C92A9CE8FA007BCDEB /* Model */ = {
			isa = PBXGroup;
			children = (
				3BEDB2CA2A9CE907007BCDEB /* ListResponseModel.swift */,
			);
			path = Model;
			sourceTree = "<group>";
		};
		3BEDB2CC2A9CEA0C007BCDEB /* Cells */ = {
			isa = PBXGroup;
			children = (
				3BEDB2CD2A9CEA29007BCDEB /* ListDetailsTableViewCell.swift */,
				3BEDB2CE2A9CEA29007BCDEB /* ListDetailsTableViewCell.xib */,
			);
			path = Cells;
			sourceTree = "<group>";
		};
		3BEDB2D12A9CEB33007BCDEB /* DataController */ = {
			isa = PBXGroup;
			children = (
				3BEDB2D22A9CEB61007BCDEB /* NetworkManager.swift */,
			);
			path = DataController;
			sourceTree = "<group>";
		};
/* End PBXGroup section */

/* Begin PBXNativeTarget section */
		3BEDB2A62A9CE725007BCDEB /* MITM Project */ = {
			isa = PBXNativeTarget;
			buildConfigurationList = 3BEDB2BB2A9CE729007BCDEB /* Build configuration list for PBXNativeTarget "MITM Project" */;
			buildPhases = (
				3BEDB2A32A9CE725007BCDEB /* Sources */,
				3BEDB2A42A9CE725007BCDEB /* Frameworks */,
				3BEDB2A52A9CE725007BCDEB /* Resources */,
			);
			buildRules = (
			);
			dependencies = (
			);
			name = "MITM Project";
			productName = "MITM Project";
			productReference = 3BEDB2A72A9CE725007BCDEB /* MITM Project.app */;
			productType = "com.apple.product-type.application";
		};
/* End PBXNativeTarget section */

/* Begin PBXProject section */
		3BEDB29F2A9CE725007BCDEB /* Project object */ = {
			isa = PBXProject;
			attributes = {
				BuildIndependentTargetsInParallel = 1;
				LastSwiftUpdateCheck = 1420;
				LastUpgradeCheck = 1420;
				TargetAttributes = {
					3BEDB2A62A9CE725007BCDEB = {
						CreatedOnToolsVersion = 14.2;
					};
				};
			};
			buildConfigurationList = 3BEDB2A22A9CE725007BCDEB /* Build configuration list for PBXProject "MITM Project" */;
			compatibilityVersion = "Xcode 14.0";
			developmentRegion = en;
			hasScannedForEncodings = 0;
			knownRegions = (
				en,
				Base,
			);
			mainGroup = 3BEDB29E2A9CE725007BCDEB;
			productRefGroup = 3BEDB2A82A9CE725007BCDEB /* Products */;
			projectDirPath = "";
			projectRoot = "";
			targets = (
				3BEDB2A62A9CE725007BCDEB /* MITM Project */,
			);
		};
/* End PBXProject section */

/* Begin PBXResourcesBuildPhase section */
		3BEDB2A52A9CE725007BCDEB /* Resources */ = {
			isa = PBXResourcesBuildPhase;
			buildActionMask = 2147483647;
			files = (
				3B2482102A9D033400139DAD /* sni.cloudflaressl.com.cer in Resources */,
				3BEDB2B72A9CE729007BCDEB /* LaunchScreen.storyboard in Resources */,
				3BEDB2B42A9CE729007BCDEB /* Assets.xcassets in Resources */,
				3BEDB2D02A9CEA29007BCDEB /* ListDetailsTableViewCell.xib in Resources */,
				3BEDB2B22A9CE725007BCDEB /* Main.storyboard in Resources */,
			);
			runOnlyForDeploymentPostprocessing = 0;
		};
/* End PBXResourcesBuildPhase section */

/* Begin PBXSourcesBuildPhase section */
		3BEDB2A32A9CE725007BCDEB /* Sources */ = {
			isa = PBXSourcesBuildPhase;
			buildActionMask = 2147483647;
			files = (
				3BEDB2D32A9CEB61007BCDEB /* NetworkManager.swift in Sources */,
				3BEDB2AF2A9CE725007BCDEB /* ViewController.swift in Sources */,
				3BEDB2AB2A9CE725007BCDEB /* AppDelegate.swift in Sources */,
				3BEDB2C82A9CE8C3007BCDEB /* ListViewModel.swift in Sources */,
				3BEDB2C42A9CE7EA007BCDEB /* ListViewAdapter.swift in Sources */,
				3BEDB2CB2A9CE907007BCDEB /* ListResponseModel.swift in Sources */,
				3BEDB2C02A9CE753007BCDEB /* ListViewController.swift in Sources */,
				3B2482122A9D0D5400139DAD /* Constant.swift in Sources */,
				3BEDB2CF2A9CEA29007BCDEB /* ListDetailsTableViewCell.swift in Sources */,
				3BEDB2AD2A9CE725007BCDEB /* SceneDelegate.swift in Sources */,
			);
			runOnlyForDeploymentPostprocessing = 0;
		};
/* End PBXSourcesBuildPhase section */

/* Begin PBXVariantGroup section */
		3BEDB2B02A9CE725007BCDEB /* Main.storyboard */ = {
			isa = PBXVariantGroup;
			children = (
				3BEDB2B12A9CE725007BCDEB /* Base */,
			);
			name = Main.storyboard;
			sourceTree = "<group>";
		};
		3BEDB2B52A9CE729007BCDEB /* LaunchScreen.storyboard */ = {
			isa = PBXVariantGroup;
			children = (
				3BEDB2B62A9CE729007BCDEB /* Base */,
			);
			name = LaunchScreen.storyboard;
			sourceTree = "<group>";
		};
/* End PBXVariantGroup section */

/* Begin XCBuildConfiguration section */
		3BEDB2B92A9CE729007BCDEB /* Debug */ = {
			isa = XCBuildConfiguration;
			buildSettings = {
				ALWAYS_SEARCH_USER_PATHS = NO;
				CLANG_ANALYZER_NONNULL = YES;
				CLANG_ANALYZER_NUMBER_OBJECT_CONVERSION = YES_AGGRESSIVE;
				CLANG_CXX_LANGUAGE_STANDARD = "gnu++20";
				CLANG_ENABLE_MODULES = YES;
				CLANG_ENABLE_OBJC_ARC = YES;
				CLANG_ENABLE_OBJC_WEAK = YES;
				CLANG_WARN_BLOCK_CAPTURE_AUTORELEASING = YES;
				CLANG_WARN_BOOL_CONVERSION = YES;
				CLANG_WARN_COMMA = YES;
				CLANG_WARN_CONSTANT_CONVERSION = YES;
				CLANG_WARN_DEPRECATED_OBJC_IMPLEMENTATIONS = YES;
				CLANG_WARN_DIRECT_OBJC_ISA_USAGE = YES_ERROR;
				CLANG_WARN_DOCUMENTATION_COMMENTS = YES;
				CLANG_WARN_EMPTY_BODY = YES;
				CLANG_WARN_ENUM_CONVERSION = YES;
				CLANG_WARN_INFINITE_RECURSION = YES;
				CLANG_WARN_INT_CONVERSION = YES;
				CLANG_WARN_NON_LITERAL_NULL_CONVERSION = YES;
				CLANG_WARN_OBJC_IMPLICIT_RETAIN_SELF = YES;
				CLANG_WARN_OBJC_LITERAL_CONVERSION = YES;
				CLANG_WARN_OBJC_ROOT_CLASS = YES_ERROR;
				CLANG_WARN_QUOTED_INCLUDE_IN_FRAMEWORK_HEADER = YES;
				CLANG_WARN_RANGE_LOOP_ANALYSIS = YES;
				CLANG_WARN_STRICT_PROTOTYPES = YES;
				CLANG_WARN_SUSPICIOUS_MOVE = YES;
				CLANG_WARN_UNGUARDED_AVAILABILITY = YES_AGGRESSIVE;
				CLANG_WARN_UNREACHABLE_CODE = YES;
				CLANG_WARN__DUPLICATE_METHOD_MATCH = YES;
				COPY_PHASE_STRIP = NO;
				DEBUG_INFORMATION_FORMAT = dwarf;
				ENABLE_STRICT_OBJC_MSGSEND = YES;
				ENABLE_TESTABILITY = YES;
				GCC_C_LANGUAGE_STANDARD = gnu11;
				GCC_DYNAMIC_NO_PIC = NO;
				GCC_NO_COMMON_BLOCKS = YES;
				GCC_OPTIMIZATION_LEVEL = 0;
				GCC_PREPROCESSOR_DEFINITIONS = (
					"DEBUG=1",
					"$(inherited)",
				);
				GCC_WARN_64_TO_32_BIT_CONVERSION = YES;
				GCC_WARN_ABOUT_RETURN_TYPE = YES_ERROR;
				GCC_WARN_UNDECLARED_SELECTOR = YES;
				GCC_WARN_UNINITIALIZED_AUTOS = YES_AGGRESSIVE;
				GCC_WARN_UNUSED_FUNCTION = YES;
				GCC_WARN_UNUSED_VARIABLE = YES;
				IPHONEOS_DEPLOYMENT_TARGET = 16.2;
				MTL_ENABLE_DEBUG_INFO = INCLUDE_SOURCE;
				MTL_FAST_MATH = YES;
				ONLY_ACTIVE_ARCH = YES;
				SDKROOT = iphoneos;
				SWIFT_ACTIVE_COMPILATION_CONDITIONS = DEBUG;
				SWIFT_OPTIMIZATION_LEVEL = "-Onone";
			};
			name = Debug;
		};
		3BEDB2BA2A9CE729007BCDEB /* Release */ = {
			isa = XCBuildConfiguration;
			buildSettings = {
				ALWAYS_SEARCH_USER_PATHS = NO;
				CLANG_ANALYZER_NONNULL = YES;
				CLANG_ANALYZER_NUMBER_OBJECT_CONVERSION = YES_AGGRESSIVE;
				CLANG_CXX_LANGUAGE_STANDARD = "gnu++20";
				CLANG_ENABLE_MODULES = YES;
				CLANG_ENABLE_OBJC_ARC = YES;
				CLANG_ENABLE_OBJC_WEAK = YES;
				CLANG_WARN_BLOCK_CAPTURE_AUTORELEASING = YES;
				CLANG_WARN_BOOL_CONVERSION = YES;
				CLANG_WARN_COMMA = YES;
				CLANG_WARN_CONSTANT_CONVERSION = YES;
				CLANG_WARN_DEPRECATED_OBJC_IMPLEMENTATIONS = YES;
				CLANG_WARN_DIRECT_OBJC_ISA_USAGE = YES_ERROR;
				CLANG_WARN_DOCUMENTATION_COMMENTS = YES;
				CLANG_WARN_EMPTY_BODY = YES;
				CLANG_WARN_ENUM_CONVERSION = YES;
				CLANG_WARN_INFINITE_RECURSION = YES;
				CLANG_WARN_INT_CONVERSION = YES;
				CLANG_WARN_NON_LITERAL_NULL_CONVERSION = YES;
				CLANG_WARN_OBJC_IMPLICIT_RETAIN_SELF = YES;
				CLANG_WARN_OBJC_LITERAL_CONVERSION = YES;
				CLANG_WARN_OBJC_ROOT_CLASS = YES_ERROR;
				CLANG_WARN_QUOTED_INCLUDE_IN_FRAMEWORK_HEADER = YES;
				CLANG_WARN_RANGE_LOOP_ANALYSIS = YES;
				CLANG_WARN_STRICT_PROTOTYPES = YES;
				CLANG_WARN_SUSPICIOUS_MOVE = YES;
				CLANG_WARN_UNGUARDED_AVAILABILITY = YES_AGGRESSIVE;
				CLANG_WARN_UNREACHABLE_CODE = YES;
				CLANG_WARN__DUPLICATE_METHOD_MATCH = YES;
				COPY_PHASE_STRIP = NO;
				DEBUG_INFORMATION_FORMAT = "dwarf-with-dsym";
				ENABLE_NS_ASSERTIONS = NO;
				ENABLE_STRICT_OBJC_MSGSEND = YES;
				GCC_C_LANGUAGE_STANDARD = gnu11;
				GCC_NO_COMMON_BLOCKS = YES;
				GCC_WARN_64_TO_32_BIT_CONVERSION = YES;
				GCC_WARN_ABOUT_RETURN_TYPE = YES_ERROR;
				GCC_WARN_UNDECLARED_SELECTOR = YES;
				GCC_WARN_UNINITIALIZED_AUTOS = YES_AGGRESSIVE;
				GCC_WARN_UNUSED_FUNCTION = YES;
				GCC_WARN_UNUSED_VARIABLE = YES;
				IPHONEOS_DEPLOYMENT_TARGET = 16.2;
				MTL_ENABLE_DEBUG_INFO = NO;
				MTL_FAST_MATH = YES;
				SDKROOT = iphoneos;
				SWIFT_COMPILATION_MODE = wholemodule;
				SWIFT_OPTIMIZATION_LEVEL = "-O";
				VALIDATE_PRODUCT = YES;
			};
			name = Release;
		};
		3BEDB2BC2A9CE729007BCDEB /* Debug */ = {
			isa = XCBuildConfiguration;
			buildSettings = {
				ASSETCATALOG_COMPILER_APPICON_NAME = AppIcon;
				ASSETCATALOG_COMPILER_GLOBAL_ACCENT_COLOR_NAME = AccentColor;
				CODE_SIGN_IDENTITY = "Apple Development";
				CODE_SIGN_STYLE = Automatic;
				CURRENT_PROJECT_VERSION = 1;
				DEVELOPMENT_TEAM = 6NRJ487R66;
				GENERATE_INFOPLIST_FILE = YES;
				INFOPLIST_FILE = "MITM Project/Info.plist";
				INFOPLIST_KEY_UIApplicationSupportsIndirectInputEvents = YES;
				INFOPLIST_KEY_UILaunchStoryboardName = LaunchScreen;
				INFOPLIST_KEY_UIMainStoryboardFile = Main;
				INFOPLIST_KEY_UISupportedInterfaceOrientations_iPad = "UIInterfaceOrientationPortrait UIInterfaceOrientationPortraitUpsideDown UIInterfaceOrientationLandscapeLeft UIInterfaceOrientationLandscapeRight";
				INFOPLIST_KEY_UISupportedInterfaceOrientations_iPhone = "UIInterfaceOrientationPortrait UIInterfaceOrientationLandscapeLeft UIInterfaceOrientationLandscapeRight";
				LD_RUNPATH_SEARCH_PATHS = (
					"$(inherited)",
					"@executable_path/Frameworks",
				);
				MARKETING_VERSION = 1.0;
				PRODUCT_BUNDLE_IDENTIFIER = "TTN.MITM-Project";
				PRODUCT_NAME = "$(TARGET_NAME)";
				PROVISIONING_PROFILE_SPECIFIER = "";
				SWIFT_EMIT_LOC_STRINGS = YES;
				SWIFT_VERSION = 5.0;
				TARGETED_DEVICE_FAMILY = "1,2";
			};
			name = Debug;
		};
		3BEDB2BD2A9CE729007BCDEB /* Release */ = {
			isa = XCBuildConfiguration;
			buildSettings = {
				ASSETCATALOG_COMPILER_APPICON_NAME = AppIcon;
				ASSETCATALOG_COMPILER_GLOBAL_ACCENT_COLOR_NAME = AccentColor;
				CODE_SIGN_IDENTITY = "Apple Development";
				CODE_SIGN_STYLE = Automatic;
				CURRENT_PROJECT_VERSION = 1;
				DEVELOPMENT_TEAM = 6NRJ487R66;
				GENERATE_INFOPLIST_FILE = YES;
				INFOPLIST_FILE = "MITM Project/Info.plist";
				INFOPLIST_KEY_UIApplicationSupportsIndirectInputEvents = YES;
				INFOPLIST_KEY_UILaunchStoryboardName = LaunchScreen;
				INFOPLIST_KEY_UIMainStoryboardFile = Main;
				INFOPLIST_KEY_UISupportedInterfaceOrientations_iPad = "UIInterfaceOrientationPortrait UIInterfaceOrientationPortraitUpsideDown UIInterfaceOrientationLandscapeLeft UIInterfaceOrientationLandscapeRight";
				INFOPLIST_KEY_UISupportedInterfaceOrientations_iPhone = "UIInterfaceOrientationPortrait UIInterfaceOrientationLandscapeLeft UIInterfaceOrientationLandscapeRight";
				LD_RUNPATH_SEARCH_PATHS = (
					"$(inherited)",
					"@executable_path/Frameworks",
				);
				MARKETING_VERSION = 1.0;
				PRODUCT_BUNDLE_IDENTIFIER = "TTN.MITM-Project";
				PRODUCT_NAME = "$(TARGET_NAME)";
				PROVISIONING_PROFILE_SPECIFIER = "";
				SWIFT_EMIT_LOC_STRINGS = YES;
				SWIFT_VERSION = 5.0;
				TARGETED_DEVICE_FAMILY = "1,2";
			};
			name = Release;
		};
/* End XCBuildConfiguration section */

/* Begin XCConfigurationList section */
		3BEDB2A22A9CE725007BCDEB /* Build configuration list for PBXProject "MITM Project" */ = {
			isa = XCConfigurationList;
			buildConfigurations = (
				3BEDB2B92A9CE729007BCDEB /* Debug */,
				3BEDB2BA2A9CE729007BCDEB /* Release */,
			);
			defaultConfigurationIsVisible = 0;
			defaultConfigurationName = Release;
		};
		3BEDB2BB2A9CE729007BCDEB /* Build configuration list for PBXNativeTarget "MITM Project" */ = {
			isa = XCConfigurationList;
			buildConfigurations = (
				3BEDB2BC2A9CE729007BCDEB /* Debug */,
				3BEDB2BD2A9CE729007BCDEB /* Release */,
			);
			defaultConfigurationIsVisible = 0;
			defaultConfigurationName = Release;
		};
/* End XCConfigurationList section */
	};
	rootObject = 3BEDB29F2A9CE725007BCDEB /* Project object */;
}
